<?xml version="1.0" encoding="utf-8"?>
<Project ToolsVersion="4.0" xmlns="http://schemas.microsoft.com/developer/msbuild/2003">
  <ItemGroup>
    <Filter Include="Source Files">
      <UniqueIdentifier>{4FC737F1-C7A5-4376-A066-2A32D752A2FF}</UniqueIdentifier>
      <Extensions>cpp;c;cc;cxx;c++;cppm;ixx;def;odl;idl;hpj;bat;asm;asmx</Extensions>
    </Filter>
    <Filter Include="Header Files">
      <UniqueIdentifier>{93995380-89BD-4b04-88EB-625FBE52EBFB}</UniqueIdentifier>
      <Extensions>h;hh;hpp;hxx;h++;hm;inl;inc;ipp;xsd</Extensions>
    </Filter>
    <Filter Include="Resource Files">
      <UniqueIdentifier>{67DA6AB6-F800-4c08-8B7A-83BB121AAD01}</UniqueIdentifier>
      <Extensions>rc;ico;cur;bmp;dlg;rc2;rct;bin;rgs;gif;jpg;jpeg;jpe;resx;tiff;tif;png;wav;mfcribbon-ms</Extensions>
    </Filter>
    <Filter Include="Header Files\SnakeLibrary">
      <UniqueIdentifier>{76c0e0a8-e866-417a-af47-a33ee5576e51}</UniqueIdentifier>
    </Filter>
    <Filter Include="Source Files\SnakeLibrary">
      <UniqueIdentifier>{391f6a6b-28d6-4e24-aae4-f7a4a4615b20}</UniqueIdentifier>
    </Filter>
    <Filter Include="Source Files\States">
      <UniqueIdentifier>{725655f6-ff5c-4cb2-aab0-e23f85b66ecd}</UniqueIdentifier>
    </Filter>
    <Filter Include="Header Files\States">
      <UniqueIdentifier>{6bb8e6c2-6df4-4231-8057-df32666e1f46}</UniqueIdentifier>
    </Filter>
    <Filter Include="Source Files\States\GameStateStates">
      <UniqueIdentifier>{39a71f9a-254a-4c28-a135-8a7546d9fd0d}</UniqueIdentifier>
    </Filter>
    <Filter Include="Header Files\States\GameStateStates">
      <UniqueIdentifier>{01463c2b-6a0d-4a6c-800b-bc8b522e0c84}</UniqueIdentifier>
    </Filter>
  </ItemGroup>
  <ItemGroup>
    <ClCompile Include="SnakeGame.cpp">
      <Filter>Source Files</Filter>
    </ClCompile>
    <ClCompile Include="Source\Game.cpp">
      <Filter>Source Files</Filter>
    </ClCompile>
    <ClCompile Include="Source\SnakeLibrary\SnakeInput.cpp">
      <Filter>Source Files\SnakeLibrary</Filter>
    </ClCompile>
    <ClCompile Include="Source\SnakeLibrary\SnakeGraphics.cpp">
      <Filter>Source Files\SnakeLibrary</Filter>
    </ClCompile>
    <ClCompile Include="Source\StateMachine.cpp">
      <Filter>Source Files</Filter>
    </ClCompile>
    <ClCompile Include="Source\States\MenuState.cpp">
      <Filter>Source Files\States</Filter>
    </ClCompile>
    <ClCompile Include="Source\States\OutroState.cpp">
      <Filter>Source Files\States</Filter>
    </ClCompile>
    <ClCompile Include="Source\States\GameState.cpp">
      <Filter>Source Files\States</Filter>
    </ClCompile>
    <ClCompile Include="Source\GraphicsLocator.cpp">
      <Filter>Source Files</Filter>
    </ClCompile>
  </ItemGroup>
  <ItemGroup>
    <ClInclude Include="Source\Game.h">
      <Filter>Header Files</Filter>
    </ClInclude>
    <ClInclude Include="Source\Helper.h">
      <Filter>Header Files</Filter>
    </ClInclude>
    <ClInclude Include="Source\SnakeLibrary\SnakeInput.h">
      <Filter>Header Files\SnakeLibrary</Filter>
    </ClInclude>
    <ClInclude Include="Source\SnakeLibrary\SnakeGraphics.h">
      <Filter>Header Files\SnakeLibrary</Filter>
    </ClInclude>
    <ClInclude Include="Source\StateMachine.h">
      <Filter>Header Files</Filter>
    </ClInclude>
    <ClInclude Include="Source\States\BaseState.h">
      <Filter>Header Files\States</Filter>
    </ClInclude>
    <ClInclude Include="Source\States\MenuState.h">
      <Filter>Header Files\States</Filter>
    </ClInclude>
    <ClInclude Include="Source\States\GameState.h">
      <Filter>Header Files\States</Filter>
    </ClInclude>
    <ClInclude Include="Source\States\OutroState.h">
      <Filter>Header Files\States</Filter>
    </ClInclude>
    <ClInclude Include="Source\GraphicsLocator.h">
      <Filter>Header Files</Filter>
    </ClInclude>
  </ItemGroup>
</Project>